
Microsoft Visual Studio Solution File, Format Version 12.00
# Visual Studio 2013
VisualStudioVersion = 12.0.31101.0
MinimumVisualStudioVersion = 10.0.40219.1
Project("{FAE04EC0-301F-11D3-BF4B-00C04F79EFBC}") = "Common.Micro.Localization", "Common.Micro.Localization\Common.Micro.Localization.csproj", "{93D7B222-2F54-4EF1-B7EC-22F4D4FAD913}"
EndProject
Project("{FAE04EC0-301F-11D3-BF4B-00C04F79EFBC}") = "BrownBag.Core", "BrownBag.Core\BrownBag.Core.csproj", "{009021FF-C861-47BC-A1A2-813E697EA927}"
EndProject
Global
	GlobalSection(SolutionConfigurationPlatforms) = preSolution
		Debug|Any CPU = Debug|Any CPU
		Release|Any CPU = Release|Any CPU
	EndGlobalSection
	GlobalSection(ProjectConfigurationPlatforms) = postSolution
		{93D7B222-2F54-4EF1-B7EC-22F4D4FAD913}.Debug|Any CPU.ActiveCfg = Debug|Any CPU
		{93D7B222-2F54-4EF1-B7EC-22F4D4FAD913}.Debug|Any CPU.Build.0 = Debug|Any CPU
		{93D7B222-2F54-4EF1-B7EC-22F4D4FAD913}.Release|Any CPU.ActiveCfg = Release|Any CPU
		{93D7B222-2F54-4EF1-B7EC-22F4D4FAD913}.Release|Any CPU.Build.0 = Release|Any CPU
		{009021FF-C861-47BC-A1A2-813E697EA927}.Debug|Any CPU.ActiveCfg = Debug|Any CPU
		{009021FF-C861-47BC-A1A2-813E697EA927}.Debug|Any CPU.Build.0 = Debug|Any CPU
		{009021FF-C861-47BC-A1A2-813E697EA927}.Release|Any CPU.ActiveCfg = Release|Any CPU
		{009021FF-C861-47BC-A1A2-813E697EA927}.Release|Any CPU.Build.0 = Release|Any CPU
	EndGlobalSection
	GlobalSection(SolutionProperties) = preSolution
		HideSolutionNode = FALSE
	EndGlobalSection
EndGlobal
